{
  "object": {
    "pins": [
      {
        "package": "Bits",
        "repositoryURL": "https://github.com/vapor/bits.git",
        "state": {
          "branch": null,
          "revision": "c32f5e6ae2007dccd21a92b7e33eba842dd80d2f",
          "version": "1.1.0"
        }
      },
      {
        "package": "COpenSSL",
        "repositoryURL": "https://github.com/PerfectlySoft/Perfect-COpenSSL.git",
        "state": {
          "branch": null,
          "revision": "87b6d1f313887fa11bd75e157a3678f066eec981",
          "version": "2.0.6"
        }
      },
      {
        "package": "Core",
        "repositoryURL": "https://github.com/vapor/core.git",
        "state": {
          "branch": null,
          "revision": "b8330808f4f6b69941961afe8ad6b015562f7b7c",
          "version": "2.1.2"
        }
      },
      {
        "package": "Debugging",
        "repositoryURL": "https://github.com/vapor/debugging.git",
        "state": {
          "branch": null,
          "revision": "49c5e8f0a7cb5456a8f7c72c6cd9f1553e5885a8",
          "version": "1.1.0"
        }
      },
      {
        "package": "Node",
        "repositoryURL": "https://github.com/vapor/node.git",
        "state": {
          "branch": null,
          "revision": "642f357d08ec5aa335ae2e3c4633c72da7b5a0c4",
          "version": "2.1.1"
        }
      },
      {
        "package": "PerfectCrypto",
        "repositoryURL": "https://github.com/PerfectlySoft/Perfect-Crypto.git",
        "state": {
          "branch": null,
          "revision": "596cd8961ad1981d65eb07ea07cdda6345f6104a",
          "version": "1.1.1"
        }
      },
      {
        "package": "PerfectLib",
        "repositoryURL": "https://github.com/PerfectlySoft/PerfectLib.git",
        "state": {
          "branch": null,
          "revision": "e85a9ead840f80dfd85ca90627cf88cfb6e0cb59",
          "version": "2.0.11"
        }
      },
      {
        "package": "PerfectNet",
        "repositoryURL": "https://github.com/PerfectlySoft/Perfect-Net.git",
        "state": {
          "branch": null,
          "revision": "6134fa1630849344244304953ccf20b40c4fc145",
          "version": "2.1.18"
        }
      },
      {
        "package": "PerfectRedis",
        "repositoryURL": "https://github.com/PerfectlySoft/Perfect-Redis.git",
        "state": {
          "branch": null,
          "revision": "00d1d65887a5c5275d3f53941517fec0d1b92deb",
          "version": "2.0.3"
        }
      },
      {
        "package": "PerfectThread",
        "repositoryURL": "https://github.com/PerfectlySoft/Perfect-Thread.git",
        "state": {
          "branch": null,
          "revision": "7d09e1830dd8e46b99c34a754a0bf4c2d567794e",
          "version": "2.0.12"
        }
      },
      {
        "package": "Random",
        "repositoryURL": "https://github.com/vapor/random.git",
        "state": {
          "branch": null,
          "revision": "d7c4397d125caba795d14d956efacfe2a27a63d0",
          "version": "1.2.0"
        }
      },
      {
        "package": "Redis",
        "repositoryURL": "https://github.com/vapor/redis.git",
        "state": {
          "branch": null,
          "revision": "70917ee48207552184a8155893880f065a980507",
          "version": "2.0.0"
        }
      },
      {
        "package": "Socket",
        "repositoryURL": "https://github.com/IBM-Swift/BlueSocket.git",
        "state": {
          "branch": null,
          "revision": "ddd0be6008914b64cb28784632ada5d3cc7a7ce9",
          "version": "0.12.67"
        }
      },
      {
        "package": "Sockets",
        "repositoryURL": "https://github.com/vapor/sockets.git",
        "state": {
          "branch": null,
          "revision": "f6b06982e94db71227e99c56fec5899a8526e8ad",
          "version": "2.1.0"
        }
      },
      {
        "package": "SwiftRedis",
        "repositoryURL": "https://github.com/IBM-Swift/Kitura-redis.git",
        "state": {
          "branch": null,
          "revision": "d6626c01bbe06f837da63e8fc104133ade9b91c6",
          "version": "1.8.0"
        }
      }
    ]
  },
  "version": 1
}
